
Microsoft Visual Studio Solution File, Format Version 12.00
# Visual Studio Version 17
VisualStudioVersion = 17.7.34024.191
MinimumVisualStudioVersion = 10.0.40219.1
Project("{FAE04EC0-301F-11D3-BF4B-00C04F79EFBC}") = "ChallengeApp", "ChallengeApp\ChallengeApp.csproj", "{51E890C0-3B64-4289-844C-EE09165E27A7}"
EndProject
Global
	GlobalSection(SolutionConfigurationPlatforms) = preSolution
		Debug|Any CPU = Debug|Any CPU
		Release|Any CPU = Release|Any CPU
	EndGlobalSection
	GlobalSection(ProjectConfigurationPlatforms) = postSolution
		{51E890C0-3B64-4289-844C-EE09165E27A7}.Debug|Any CPU.ActiveCfg = Debug|Any CPU
		{51E890C0-3B64-4289-844C-EE09165E27A7}.Debug|Any CPU.Build.0 = Debug|Any CPU
		{51E890C0-3B64-4289-844C-EE09165E27A7}.Release|Any CPU.ActiveCfg = Release|Any CPU
		{51E890C0-3B64-4289-844C-EE09165E27A7}.Release|Any CPU.Build.0 = Release|Any CPU
	EndGlobalSection
	GlobalSection(SolutionProperties) = preSolution
		HideSolutionNode = FALSE
	EndGlobalSection
	GlobalSection(ExtensibilityGlobals) = postSolution
		SolutionGuid = {33EF7F9B-8B1B-4E15-B4F6-00A0529B02FF}
	EndGlobalSection
EndGlobal
